github.com/carlmjohnson/requests v0.23.1 h1:d8FpOZC6We3raxa3cW1oEyK+cNz4XSW8A6wjMkMsbOM=
github.com/carlmjohnson/requests v0.23.1/go.mod h1:i/0+cvgndkM7SPtw911bcbYR4CP+/9vP/+TbcFqPz3A=
golang.org/x/net v0.7.0 h1:rJrUqqhjsgNp7KqAIc25s9pZnjU7TUcSY7HcVZjdn1g=
golang.org/x/net v0.7.0/go.mod h1:2Tu9+aMcznHK/AK1HMvgo6xiTLG5rD5rZLDS+rp2Bjs=
